
Microsoft Visual Studio Solution File, Format Version 12.00
# Visual Studio Version 17
VisualStudioVersion = 17.7.34202.233
MinimumVisualStudioVersion = 10.0.40219.1
Project("{9A19103F-16F7-4668-BE54-9A1E7A4F7556}") = "MallDomain", "MallDomain\MallDomain.csproj", "{0BD0E244-57E4-43D5-913B-9624ABAC7BB9}"
EndProject
Project("{9A19103F-16F7-4668-BE54-9A1E7A4F7556}") = "MallInfrastructure", "MallInfrastructure\MallInfrastructure.csproj", "{51A0A065-3B37-41D3-A13E-DF1132977D80}"
EndProject
Project("{9A19103F-16F7-4668-BE54-9A1E7A4F7556}") = "MallApi", "MallApi\MallApi.csproj", "{EFFA913A-49F2-4C20-BCD5-DD774FCEB98E}"
EndProject
Global
	GlobalSection(SolutionConfigurationPlatforms) = preSolution
		Debug|Any CPU = Debug|Any CPU
		Release|Any CPU = Release|Any CPU
	EndGlobalSection
	GlobalSection(ProjectConfigurationPlatforms) = postSolution
		{0BD0E244-57E4-43D5-913B-9624ABAC7BB9}.Debug|Any CPU.ActiveCfg = Debug|Any CPU
		{0BD0E244-57E4-43D5-913B-9624ABAC7BB9}.Debug|Any CPU.Build.0 = Debug|Any CPU
		{0BD0E244-57E4-43D5-913B-9624ABAC7BB9}.Release|Any CPU.ActiveCfg = Release|Any CPU
		{0BD0E244-57E4-43D5-913B-9624ABAC7BB9}.Release|Any CPU.Build.0 = Release|Any CPU
		{51A0A065-3B37-41D3-A13E-DF1132977D80}.Debug|Any CPU.ActiveCfg = Debug|Any CPU
		{51A0A065-3B37-41D3-A13E-DF1132977D80}.Debug|Any CPU.Build.0 = Debug|Any CPU
		{51A0A065-3B37-41D3-A13E-DF1132977D80}.Release|Any CPU.ActiveCfg = Release|Any CPU
		{51A0A065-3B37-41D3-A13E-DF1132977D80}.Release|Any CPU.Build.0 = Release|Any CPU
		{EFFA913A-49F2-4C20-BCD5-DD774FCEB98E}.Debug|Any CPU.ActiveCfg = Debug|Any CPU
		{EFFA913A-49F2-4C20-BCD5-DD774FCEB98E}.Debug|Any CPU.Build.0 = Debug|Any CPU
		{EFFA913A-49F2-4C20-BCD5-DD774FCEB98E}.Release|Any CPU.ActiveCfg = Release|Any CPU
		{EFFA913A-49F2-4C20-BCD5-DD774FCEB98E}.Release|Any CPU.Build.0 = Release|Any CPU
	EndGlobalSection
	GlobalSection(SolutionProperties) = preSolution
		HideSolutionNode = FALSE
	EndGlobalSection
	GlobalSection(ExtensibilityGlobals) = postSolution
		SolutionGuid = {5DB9F5CF-349A-4593-80AD-746871A8C7A6}
	EndGlobalSection
EndGlobal
